// !$*UTF8*$!
{
	archiveVersion = 1;
	classes = {
	};
	objectVersion = 46;
	objects = {

/* Begin PBXBuildFile section */
		2F02223C1D45DE06009270DB /* main.m in Sources */ = {isa = PBXBuildFile; fileRef = 2F02223B1D45DE06009270DB /* main.m */; };
		2F02223F1D45DE06009270DB /* AppDelegate.m in Sources */ = {isa = PBXBuildFile; fileRef = 2F02223E1D45DE06009270DB /* AppDelegate.m */; };
		2F0222421D45DE06009270DB /* ViewController.m in Sources */ = {isa = PBXBuildFile; fileRef = 2F0222411D45DE06009270DB /* ViewController.m */; };
		2F0222451D45DE06009270DB /* Main.storyboard in Resources */ = {isa = PBXBuildFile; fileRef = 2F0222431D45DE06009270DB /* Main.storyboard */; };
		2F0222471D45DE06009270DB /* Assets.xcassets in Resources */ = {isa = PBXBuildFile; fileRef = 2F0222461D45DE06009270DB /* Assets.xcassets */; };
		2F02224A1D45DE06009270DB /* LaunchScreen.storyboard in Resources */ = {isa = PBXBuildFile; fileRef = 2F0222481D45DE06009270DB /* LaunchScreen.storyboard */; };
		2F02225C1D4613FA009270DB /* UIAlertViewController.m in Sources */ = {isa = PBXBuildFile; fileRef = 2F02225B1D4613FA009270DB /* UIAlertViewController.m */; };
/* End PBXBuildFile section */

/* Begin PBXFileReference section */
		2F0222371D45DE06009270DB /* iOSSomeView.app */ = {isa = PBXFileReference; explicitFileType = wrapper.application; includeInIndex = 0; path = iOSSomeView.app; sourceTree = BUILT_PRODUCTS_DIR; };
		2F02223B1D45DE06009270DB /* main.m */ = {isa = PBXFileReference; lastKnownFileType = sourcecode.c.objc; path = main.m; sourceTree = "<group>"; };
		2F02223D1D45DE06009270DB /* AppDelegate.h */ = {isa = PBXFileReference; lastKnownFileType = sourcecode.c.h; path = AppDelegate.h; sourceTree = "<group>"; };
		2F02223E1D45DE06009270DB /* AppDelegate.m */ = {isa = PBXFileReference; lastKnownFileType = sourcecode.c.objc; path = AppDelegate.m; sourceTree = "<group>"; };
		2F0222401D45DE06009270DB /* ViewController.h */ = {isa = PBXFileReference; lastKnownFileType = sourcecode.c.h; path = ViewController.h; sourceTree = "<group>"; };
		2F0222411D45DE06009270DB /* ViewController.m */ = {isa = PBXFileReference; lastKnownFileType = sourcecode.c.objc; path = ViewController.m; sourceTree = "<group>"; };
		2F0222441D45DE06009270DB /* Base */ = {isa = PBXFileReference; lastKnownFileType = file.storyboard; name = Base; path = Base.lproj/Main.storyboard; sourceTree = "<group>"; };
		2F0222461D45DE06009270DB /* Assets.xcassets */ = {isa = PBXFileReference; lastKnownFileType = folder.assetcatalog; path = Assets.xcassets; sourceTree = "<group>"; };
		2F0222491D45DE06009270DB /* Base */ = {isa = PBXFileReference; lastKnownFileType = file.storyboard; name = Base; path = Base.lproj/LaunchScreen.storyboard; sourceTree = "<group>"; };
		2F02224B1D45DE06009270DB /* Info.plist */ = {isa = PBXFileReference; lastKnownFileType = text.plist.xml; path = Info.plist; sourceTree = "<group>"; };
		2F02225A1D4613FA009270DB /* UIAlertViewController.h */ = {isa = PBXFileReference; fileEncoding = 4; lastKnownFileType = sourcecode.c.h; path = UIAlertViewController.h; sourceTree = "<group>"; };
		2F02225B1D4613FA009270DB /* UIAlertViewController.m */ = {isa = PBXFileReference; fileEncoding = 4; lastKnownFileType = sourcecode.c.objc; path = UIAlertViewController.m; sourceTree = "<group>"; };
/* End PBXFileReference section */

/* Begin PBXFrameworksBuildPhase section */
		2F0222341D45DE06009270DB /* Frameworks */ = {
			isa = PBXFrameworksBuildPhase;
			buildActionMask = 2147483647;
			files = (
			);
			runOnlyForDeploymentPostprocessing = 0;
		};
/* End PBXFrameworksBuildPhase section */

/* Begin PBXGroup section */
		2F02222E1D45DE06009270DB = {
			isa = PBXGroup;
			children = (
				2F0222391D45DE06009270DB /* iOSSomeView */,
				2F0222381D45DE06009270DB /* Products */,
			);
			sourceTree = "<group>";
		};
		2F0222381D45DE06009270DB /* Products */ = {
			isa = PBXGroup;
			children = (
				2F0222371D45DE06009270DB /* iOSSomeView.app */,
			);
			name = Products;
			sourceTree = "<group>";
		};
		2F0222391D45DE06009270DB /* iOSSomeView */ = {
			isa = PBXGroup;
			children = (
				2F02223D1D45DE06009270DB /* AppDelegate.h */,
				2F02223E1D45DE06009270DB /* AppDelegate.m */,
				2F0222401D45DE06009270DB /* ViewController.h */,
				2F0222411D45DE06009270DB /* ViewController.m */,
				2F02225A1D4613FA009270DB /* UIAlertViewController.h */,
				2F02225B1D4613FA009270DB /* UIAlertViewController.m */,
				2F0222431D45DE06009270DB /* Main.storyboard */,
				2F0222461D45DE06009270DB /* Assets.xcassets */,
				2F0222481D45DE06009270DB /* LaunchScreen.storyboard */,
				2F02224B1D45DE06009270DB /* Info.plist */,
				2F02223A1D45DE06009270DB /* Supporting Files */,
			);
			path = iOSSomeView;
			sourceTree = "<group>";
		};
		2F02223A1D45DE06009270DB /* Supporting Files */ = {
			isa = PBXGroup;
			children = (
				2F02223B1D45DE06009270DB /* main.m */,
			);
			name = "Supporting Files";
			sourceTree = "<group>";
		};
/* End PBXGroup section */

/* Begin PBXNativeTarget section */
		2F0222361D45DE06009270DB /* iOSSomeView */ = {
			isa = PBXNativeTarget;
			buildConfigurationList = 2F02224E1D45DE06009270DB /* Build configuration list for PBXNativeTarget "iOSSomeView" */;
			buildPhases = (
				2F0222331D45DE06009270DB /* Sources */,
				2F0222341D45DE06009270DB /* Frameworks */,
				2F0222351D45DE06009270DB /* Resources */,
			);
			buildRules = (
			);
			dependencies = (
			);
			name = iOSSomeView;
			productName = iOSSomeView;
			productReference = 2F0222371D45DE06009270DB /* iOSSomeView.app */;
			productType = "com.apple.product-type.application";
		};
/* End PBXNativeTarget section */

/* Begin PBXProject section */
		2F02222F1D45DE06009270DB /* Project object */ = {
			isa = PBXProject;
			attributes = {
				LastUpgradeCheck = 0730;
				ORGANIZATIONNAME = poplary;
				TargetAttributes = {
					2F0222361D45DE06009270DB = {
						CreatedOnToolsVersion = 7.3.1;
					};
				};
			};
			buildConfigurationList = 2F0222321D45DE06009270DB /* Build configuration list for PBXProject "iOSSomeView" */;
			compatibilityVersion = "Xcode 3.2";
			developmentRegion = English;
			hasScannedForEncodings = 0;
			knownRegions = (
				en,
				Base,
			);
			mainGroup = 2F02222E1D45DE06009270DB;
			productRefGroup = 2F0222381D45DE06009270DB /* Products */;
			projectDirPath = "";
			projectRoot = "";
			targets = (
				2F0222361D45DE06009270DB /* iOSSomeView */,
			);
		};
/* End PBXProject section */

/* Begin PBXResourcesBuildPhase section */
		2F0222351D45DE06009270DB /* Resources */ = {
			isa = PBXResourcesBuildPhase;
			buildActionMask = 2147483647;
			files = (
				2F02224A1D45DE06009270DB /* LaunchScreen.storyboard in Resources */,
				2F0222471D45DE06009270DB /* Assets.xcassets in Resources */,
				2F0222451D45DE06009270DB /* Main.storyboard in Resources */,
			);
			runOnlyForDeploymentPostprocessing = 0;
		};
/* End PBXResourcesBuildPhase section */

/* Begin PBXSourcesBuildPhase section */
		2F0222331D45DE06009270DB /* Sources */ = {
			isa = PBXSourcesBuildPhase;
			buildActionMask = 2147483647;
			files = (
				2F0222421D45DE06009270DB /* ViewController.m in Sources */,
				2F02223F1D45DE06009270DB /* AppDelegate.m in Sources */,
				2F02223C1D45DE06009270DB /* main.m in Sources */,
				2F02225C1D4613FA009270DB /* UIAlertViewController.m in Sources */,
			);
			runOnlyForDeploymentPostprocessing = 0;
		};
/* End PBXSourcesBuildPhase section */

/* Begin PBXVariantGroup section */
		2F0222431D45DE06009270DB /* Main.storyboard */ = {
			isa = PBXVariantGroup;
			children = (
				2F0222441D45DE06009270DB /* Base */,
			);
			name = Main.storyboard;
			sourceTree = "<group>";
		};
		2F0222481D45DE06009270DB /* LaunchScreen.storyboard */ = {
			isa = PBXVariantGroup;
			children = (
				2F0222491D45DE06009270DB /* Base */,
			);
			name = LaunchScreen.storyboard;
			sourceTree = "<group>";
		};
/* End PBXVariantGroup section */

/* Begin XCBuildConfiguration section */
		2F02224C1D45DE06009270DB /* Debug */ = {
			isa = XCBuildConfiguration;
			buildSettings = {
				ALWAYS_SEARCH_USER_PATHS = NO;
				CLANG_ANALYZER_NONNULL = YES;
				CLANG_CXX_LANGUAGE_STANDARD = "gnu++0x";
				CLANG_CXX_LIBRARY = "libc++";
				CLANG_ENABLE_MODULES = YES;
				CLANG_ENABLE_OBJC_ARC = YES;
				CLANG_WARN_BOOL_CONVERSION = YES;
				CLANG_WARN_CONSTANT_CONVERSION = YES;
				CLANG_WARN_DIRECT_OBJC_ISA_USAGE = YES_ERROR;
				CLANG_WARN_EMPTY_BODY = YES;
				CLANG_WARN_ENUM_CONVERSION = YES;
				CLANG_WARN_INT_CONVERSION = YES;
				CLANG_WARN_OBJC_ROOT_CLASS = YES_ERROR;
				CLANG_WARN_UNREACHABLE_CODE = YES;
				CLANG_WARN__DUPLICATE_METHOD_MATCH = YES;
				"CODE_SIGN_IDENTITY[sdk=iphoneos*]" = "iPhone Developer";
				COPY_PHASE_STRIP = NO;
				DEBUG_INFORMATION_FORMAT = dwarf;
				ENABLE_STRICT_OBJC_MSGSEND = YES;
				ENABLE_TESTABILITY = YES;
				GCC_C_LANGUAGE_STANDARD = gnu99;
				GCC_DYNAMIC_NO_PIC = NO;
				GCC_NO_COMMON_BLOCKS = YES;
				GCC_OPTIMIZATION_LEVEL = 0;
				GCC_PREPROCESSOR_DEFINITIONS = (
					"DEBUG=1",
					"$(inherited)",
				);
				GCC_WARN_64_TO_32_BIT_CONVERSION = YES;
				GCC_WARN_ABOUT_RETURN_TYPE = YES_ERROR;
				GCC_WARN_UNDECLARED_SELECTOR = YES;
				GCC_WARN_UNINITIALIZED_AUTOS = YES_AGGRESSIVE;
				GCC_WARN_UNUSED_FUNCTION = YES;
				GCC_WARN_UNUSED_VARIABLE = YES;
				IPHONEOS_DEPLOYMENT_TARGET = 9.3;
				MTL_ENABLE_DEBUG_INFO = YES;
				ONLY_ACTIVE_ARCH = YES;
				SDKROOT = iphoneos;
			};
			name = Debug;
		};
		2F02224D1D45DE06009270DB /* Release */ = {
			isa = XCBuildConfiguration;
			buildSettings = {
				ALWAYS_SEARCH_USER_PATHS = NO;
				CLANG_ANALYZER_NONNULL = YES;
				CLANG_CXX_LANGUAGE_STANDARD = "gnu++0x";
				CLANG_CXX_LIBRARY = "libc++";
				CLANG_ENABLE_MODULES = YES;
				CLANG_ENABLE_OBJC_ARC = YES;
				CLANG_WARN_BOOL_CONVERSION = YES;
				CLANG_WARN_CONSTANT_CONVERSION = YES;
				CLANG_WARN_DIRECT_OBJC_ISA_USAGE = YES_ERROR;
				CLANG_WARN_EMPTY_BODY = YES;
				CLANG_WARN_ENUM_CONVERSION = YES;
				CLANG_WARN_INT_CONVERSION = YES;
				CLANG_WARN_OBJC_ROOT_CLASS = YES_ERROR;
				CLANG_WARN_UNREACHABLE_CODE = YES;
				CLANG_WARN__DUPLICATE_METHOD_MATCH = YES;
				"CODE_SIGN_IDENTITY[sdk=iphoneos*]" = "iPhone Developer";
				COPY_PHASE_STRIP = NO;
				DEBUG_INFORMATION_FORMAT = "dwarf-with-dsym";
				ENABLE_NS_ASSERTIONS = NO;
				ENABLE_STRICT_OBJC_MSGSEND = YES;
				GCC_C_LANGUAGE_STANDARD = gnu99;
				GCC_NO_COMMON_BLOCKS = YES;
				GCC_WARN_64_TO_32_BIT_CONVERSION = YES;
				GCC_WARN_ABOUT_RETURN_TYPE = YES_ERROR;
				GCC_WARN_UNDECLARED_SELECTOR = YES;
				GCC_WARN_UNINITIALIZED_AUTOS = YES_AGGRESSIVE;
				GCC_WARN_UNUSED_FUNCTION = YES;
				GCC_WARN_UNUSED_VARIABLE = YES;
				IPHONEOS_DEPLOYMENT_TARGET = 9.3;
				MTL_ENABLE_DEBUG_INFO = NO;
				SDKROOT = iphoneos;
				VALIDATE_PRODUCT = YES;
			};
			name = Release;
		};
		2F02224F1D45DE06009270DB /* Debug */ = {
			isa = XCBuildConfiguration;
			buildSettings = {
				ASSETCATALOG_COMPILER_APPICON_NAME = AppIcon;
				INFOPLIST_FILE = iOSSomeView/Info.plist;
				LD_RUNPATH_SEARCH_PATHS = "$(inherited) @executable_path/Frameworks";
				PRODUCT_BUNDLE_IDENTIFIER = cn.poplary.iOSSomeView;
				PRODUCT_NAME = "$(TARGET_NAME)";
			};
			name = Debug;
		};
		2F0222501D45DE06009270DB /* Release */ = {
			isa = XCBuildConfiguration;
			buildSettings = {
				ASSETCATALOG_COMPILER_APPICON_NAME = AppIcon;
				INFOPLIST_FILE = iOSSomeView/Info.plist;
				LD_RUNPATH_SEARCH_PATHS = "$(inherited) @executable_path/Frameworks";
				PRODUCT_BUNDLE_IDENTIFIER = cn.poplary.iOSSomeView;
				PRODUCT_NAME = "$(TARGET_NAME)";
			};
			name = Release;
		};
/* End XCBuildConfiguration section */

/* Begin XCConfigurationList section */
		2F0222321D45DE06009270DB /* Build configuration list for PBXProject "iOSSomeView" */ = {
			isa = XCConfigurationList;
			buildConfigurations = (
				2F02224C1D45DE06009270DB /* Debug */,
				2F02224D1D45DE06009270DB /* Release */,
			);
			defaultConfigurationIsVisible = 0;
			defaultConfigurationName = Release;
		};
		2F02224E1D45DE06009270DB /* Build configuration list for PBXNativeTarget "iOSSomeView" */ = {
			isa = XCConfigurationList;
			buildConfigurations = (
				2F02224F1D45DE06009270DB /* Debug */,
				2F0222501D45DE06009270DB /* Release */,
			);
			defaultConfigurationIsVisible = 0;
			defaultConfigurationName = Release;
		};
/* End XCConfigurationList section */
	};
	rootObject = 2F02222F1D45DE06009270DB /* Project object */;
}
